// !$*UTF8*$!
{
	archiveVersion = 1;
	classes = {
	};
	objectVersion = 46;
	objects = {

/* Begin PBXBuildFile section */
		9F1345911ED76B7B0010CF1B /* AppDelegate.swift in Sources */ = {isa = PBXBuildFile; fileRef = 9F1345901ED76B7B0010CF1B /* AppDelegate.swift */; };
		9F1345931ED76B7B0010CF1B /* ViewController.swift in Sources */ = {isa = PBXBuildFile; fileRef = 9F1345921ED76B7B0010CF1B /* ViewController.swift */; };
		9F1345961ED76B7B0010CF1B /* Main.storyboard in Resources */ = {isa = PBXBuildFile; fileRef = 9F1345941ED76B7B0010CF1B /* Main.storyboard */; };
		9F1345981ED76B7B0010CF1B /* Assets.xcassets in Resources */ = {isa = PBXBuildFile; fileRef = 9F1345971ED76B7B0010CF1B /* Assets.xcassets */; };
		9F13459B1ED76B7B0010CF1B /* LaunchScreen.storyboard in Resources */ = {isa = PBXBuildFile; fileRef = 9F1345991ED76B7B0010CF1B /* LaunchScreen.storyboard */; };
		9F1345A31ED790760010CF1B /* Meme.swift in Sources */ = {isa = PBXBuildFile; fileRef = 9F1345A21ED790760010CF1B /* Meme.swift */; };
		9F1345A71ED79A1E0010CF1B /* MemeCollectionViewController.swift in Sources */ = {isa = PBXBuildFile; fileRef = 9F1345A61ED79A1E0010CF1B /* MemeCollectionViewController.swift */; };
		9F1345A91ED79B140010CF1B /* MemeTableViewController.swift in Sources */ = {isa = PBXBuildFile; fileRef = 9F1345A81ED79B140010CF1B /* MemeTableViewController.swift */; };
		9F87F1DC1F2E366C0025C046 /* MemeCollectionViewCell.swift in Sources */ = {isa = PBXBuildFile; fileRef = 9F87F1DB1F2E366C0025C046 /* MemeCollectionViewCell.swift */; };
		9F87F1DE1F2EC58E0025C046 /* MemeDetailsView.swift in Sources */ = {isa = PBXBuildFile; fileRef = 9F87F1DD1F2EC58E0025C046 /* MemeDetailsView.swift */; };
		9FACFF351ED9D74400AC6778 /* MemeEditorViewController.swift in Sources */ = {isa = PBXBuildFile; fileRef = 9FACFF341ED9D74400AC6778 /* MemeEditorViewController.swift */; };
		9FACFF371ED9D79100AC6778 /* MemeTextDelegate.swift in Sources */ = {isa = PBXBuildFile; fileRef = 9FACFF361ED9D79100AC6778 /* MemeTextDelegate.swift */; };
/* End PBXBuildFile section */

/* Begin PBXFileReference section */
		9F13458D1ED76B7B0010CF1B /* MemeMe 2.0.app */ = {isa = PBXFileReference; explicitFileType = wrapper.application; includeInIndex = 0; path = "MemeMe 2.0.app"; sourceTree = BUILT_PRODUCTS_DIR; };
		9F1345901ED76B7B0010CF1B /* AppDelegate.swift */ = {isa = PBXFileReference; lastKnownFileType = sourcecode.swift; path = AppDelegate.swift; sourceTree = "<group>"; };
		9F1345921ED76B7B0010CF1B /* ViewController.swift */ = {isa = PBXFileReference; lastKnownFileType = sourcecode.swift; path = ViewController.swift; sourceTree = "<group>"; };
		9F1345951ED76B7B0010CF1B /* Base */ = {isa = PBXFileReference; lastKnownFileType = file.storyboard; name = Base; path = Base.lproj/Main.storyboard; sourceTree = "<group>"; };
		9F1345971ED76B7B0010CF1B /* Assets.xcassets */ = {isa = PBXFileReference; lastKnownFileType = folder.assetcatalog; path = Assets.xcassets; sourceTree = "<group>"; };
		9F13459A1ED76B7B0010CF1B /* Base */ = {isa = PBXFileReference; lastKnownFileType = file.storyboard; name = Base; path = Base.lproj/LaunchScreen.storyboard; sourceTree = "<group>"; };
		9F13459C1ED76B7B0010CF1B /* Info.plist */ = {isa = PBXFileReference; lastKnownFileType = text.plist.xml; path = Info.plist; sourceTree = "<group>"; };
		9F1345A21ED790760010CF1B /* Meme.swift */ = {isa = PBXFileReference; fileEncoding = 4; lastKnownFileType = sourcecode.swift; path = Meme.swift; sourceTree = "<group>"; };
		9F1345A61ED79A1E0010CF1B /* MemeCollectionViewController.swift */ = {isa = PBXFileReference; fileEncoding = 4; lastKnownFileType = sourcecode.swift; path = MemeCollectionViewController.swift; sourceTree = "<group>"; };
		9F1345A81ED79B140010CF1B /* MemeTableViewController.swift */ = {isa = PBXFileReference; fileEncoding = 4; lastKnownFileType = sourcecode.swift; path = MemeTableViewController.swift; sourceTree = "<group>"; };
		9F87F1DB1F2E366C0025C046 /* MemeCollectionViewCell.swift */ = {isa = PBXFileReference; fileEncoding = 4; lastKnownFileType = sourcecode.swift; path = MemeCollectionViewCell.swift; sourceTree = "<group>"; };
		9F87F1DD1F2EC58E0025C046 /* MemeDetailsView.swift */ = {isa = PBXFileReference; fileEncoding = 4; lastKnownFileType = sourcecode.swift; path = MemeDetailsView.swift; sourceTree = "<group>"; };
		9FACFF341ED9D74400AC6778 /* MemeEditorViewController.swift */ = {isa = PBXFileReference; fileEncoding = 4; lastKnownFileType = sourcecode.swift; path = MemeEditorViewController.swift; sourceTree = "<group>"; };
		9FACFF361ED9D79100AC6778 /* MemeTextDelegate.swift */ = {isa = PBXFileReference; fileEncoding = 4; lastKnownFileType = sourcecode.swift; path = MemeTextDelegate.swift; sourceTree = "<group>"; };
/* End PBXFileReference section */

/* Begin PBXFrameworksBuildPhase section */
		9F13458A1ED76B7B0010CF1B /* Frameworks */ = {
			isa = PBXFrameworksBuildPhase;
			buildActionMask = 2147483647;
			files = (
			);
			runOnlyForDeploymentPostprocessing = 0;
		};
/* End PBXFrameworksBuildPhase section */

/* Begin PBXGroup section */
		9F1345841ED76B7B0010CF1B = {
			isa = PBXGroup;
			children = (
				9F13458F1ED76B7B0010CF1B /* MemeMe 2.0 */,
				9F13458E1ED76B7B0010CF1B /* Products */,
			);
			sourceTree = "<group>";
		};
		9F13458E1ED76B7B0010CF1B /* Products */ = {
			isa = PBXGroup;
			children = (
				9F13458D1ED76B7B0010CF1B /* MemeMe 2.0.app */,
			);
			name = Products;
			sourceTree = "<group>";
		};
		9F13458F1ED76B7B0010CF1B /* MemeMe 2.0 */ = {
			isa = PBXGroup;
			children = (
				9F1345901ED76B7B0010CF1B /* AppDelegate.swift */,
				9F1345921ED76B7B0010CF1B /* ViewController.swift */,
				9F1345941ED76B7B0010CF1B /* Main.storyboard */,
				9F1345971ED76B7B0010CF1B /* Assets.xcassets */,
				9F1345991ED76B7B0010CF1B /* LaunchScreen.storyboard */,
				9F13459C1ED76B7B0010CF1B /* Info.plist */,
				9F1345A21ED790760010CF1B /* Meme.swift */,
				9F1345A61ED79A1E0010CF1B /* MemeCollectionViewController.swift */,
				9F1345A81ED79B140010CF1B /* MemeTableViewController.swift */,
				9FACFF341ED9D74400AC6778 /* MemeEditorViewController.swift */,
				9FACFF361ED9D79100AC6778 /* MemeTextDelegate.swift */,
				9F87F1DB1F2E366C0025C046 /* MemeCollectionViewCell.swift */,
				9F87F1DD1F2EC58E0025C046 /* MemeDetailsView.swift */,
			);
			path = "MemeMe 2.0";
			sourceTree = "<group>";
		};
/* End PBXGroup section */

/* Begin PBXNativeTarget section */
		9F13458C1ED76B7B0010CF1B /* MemeMe 2.0 */ = {
			isa = PBXNativeTarget;
			buildConfigurationList = 9F13459F1ED76B7B0010CF1B /* Build configuration list for PBXNativeTarget "MemeMe 2.0" */;
			buildPhases = (
				9F1345891ED76B7B0010CF1B /* Sources */,
				9F13458A1ED76B7B0010CF1B /* Frameworks */,
				9F13458B1ED76B7B0010CF1B /* Resources */,
			);
			buildRules = (
			);
			dependencies = (
			);
			name = "MemeMe 2.0";
			productName = "MemeMe 2.0";
			productReference = 9F13458D1ED76B7B0010CF1B /* MemeMe 2.0.app */;
			productType = "com.apple.product-type.application";
		};
/* End PBXNativeTarget section */

/* Begin PBXProject section */
		9F1345851ED76B7B0010CF1B /* Project object */ = {
			isa = PBXProject;
			attributes = {
				LastSwiftUpdateCheck = 0830;
				LastUpgradeCheck = 0830;
				ORGANIZATIONNAME = "joel johnson";
				TargetAttributes = {
					9F13458C1ED76B7B0010CF1B = {
						CreatedOnToolsVersion = 8.3.2;
						ProvisioningStyle = Automatic;
					};
				};
			};
			buildConfigurationList = 9F1345881ED76B7B0010CF1B /* Build configuration list for PBXProject "MemeMe 2.0" */;
			compatibilityVersion = "Xcode 3.2";
			developmentRegion = English;
			hasScannedForEncodings = 0;
			knownRegions = (
				en,
				Base,
			);
			mainGroup = 9F1345841ED76B7B0010CF1B;
			productRefGroup = 9F13458E1ED76B7B0010CF1B /* Products */;
			projectDirPath = "";
			projectRoot = "";
			targets = (
				9F13458C1ED76B7B0010CF1B /* MemeMe 2.0 */,
			);
		};
/* End PBXProject section */

/* Begin PBXResourcesBuildPhase section */
		9F13458B1ED76B7B0010CF1B /* Resources */ = {
			isa = PBXResourcesBuildPhase;
			buildActionMask = 2147483647;
			files = (
				9F13459B1ED76B7B0010CF1B /* LaunchScreen.storyboard in Resources */,
				9F1345981ED76B7B0010CF1B /* Assets.xcassets in Resources */,
				9F1345961ED76B7B0010CF1B /* Main.storyboard in Resources */,
			);
			runOnlyForDeploymentPostprocessing = 0;
		};
/* End PBXResourcesBuildPhase section */

/* Begin PBXSourcesBuildPhase section */
		9F1345891ED76B7B0010CF1B /* Sources */ = {
			isa = PBXSourcesBuildPhase;
			buildActionMask = 2147483647;
			files = (
				9F1345A71ED79A1E0010CF1B /* MemeCollectionViewController.swift in Sources */,
				9F1345A31ED790760010CF1B /* Meme.swift in Sources */,
				9F87F1DC1F2E366C0025C046 /* MemeCollectionViewCell.swift in Sources */,
				9F1345931ED76B7B0010CF1B /* ViewController.swift in Sources */,
				9F1345A91ED79B140010CF1B /* MemeTableViewController.swift in Sources */,
				9F87F1DE1F2EC58E0025C046 /* MemeDetailsView.swift in Sources */,
				9F1345911ED76B7B0010CF1B /* AppDelegate.swift in Sources */,
				9FACFF371ED9D79100AC6778 /* MemeTextDelegate.swift in Sources */,
				9FACFF351ED9D74400AC6778 /* MemeEditorViewController.swift in Sources */,
			);
			runOnlyForDeploymentPostprocessing = 0;
		};
/* End PBXSourcesBuildPhase section */

/* Begin PBXVariantGroup section */
		9F1345941ED76B7B0010CF1B /* Main.storyboard */ = {
			isa = PBXVariantGroup;
			children = (
				9F1345951ED76B7B0010CF1B /* Base */,
			);
			name = Main.storyboard;
			sourceTree = "<group>";
		};
		9F1345991ED76B7B0010CF1B /* LaunchScreen.storyboard */ = {
			isa = PBXVariantGroup;
			children = (
				9F13459A1ED76B7B0010CF1B /* Base */,
			);
			name = LaunchScreen.storyboard;
			sourceTree = "<group>";
		};
/* End PBXVariantGroup section */

/* Begin XCBuildConfiguration section */
		9F13459D1ED76B7B0010CF1B /* Debug */ = {
			isa = XCBuildConfiguration;
			buildSettings = {
				ALWAYS_SEARCH_USER_PATHS = NO;
				CLANG_ANALYZER_NONNULL = YES;
				CLANG_ANALYZER_NUMBER_OBJECT_CONVERSION = YES_AGGRESSIVE;
				CLANG_CXX_LANGUAGE_STANDARD = "gnu++0x";
				CLANG_CXX_LIBRARY = "libc++";
				CLANG_ENABLE_MODULES = YES;
				CLANG_ENABLE_OBJC_ARC = YES;
				CLANG_WARN_BOOL_CONVERSION = YES;
				CLANG_WARN_CONSTANT_CONVERSION = YES;
				CLANG_WARN_DIRECT_OBJC_ISA_USAGE = YES_ERROR;
				CLANG_WARN_DOCUMENTATION_COMMENTS = YES;
				CLANG_WARN_EMPTY_BODY = YES;
				CLANG_WARN_ENUM_CONVERSION = YES;
				CLANG_WARN_INFINITE_RECURSION = YES;
				CLANG_WARN_INT_CONVERSION = YES;
				CLANG_WARN_OBJC_ROOT_CLASS = YES_ERROR;
				CLANG_WARN_SUSPICIOUS_MOVE = YES;
				CLANG_WARN_UNREACHABLE_CODE = YES;
				CLANG_WARN__DUPLICATE_METHOD_MATCH = YES;
				"CODE_SIGN_IDENTITY[sdk=iphoneos*]" = "iPhone Developer";
				COPY_PHASE_STRIP = NO;
				DEBUG_INFORMATION_FORMAT = dwarf;
				ENABLE_STRICT_OBJC_MSGSEND = YES;
				ENABLE_TESTABILITY = YES;
				GCC_C_LANGUAGE_STANDARD = gnu99;
				GCC_DYNAMIC_NO_PIC = NO;
				GCC_NO_COMMON_BLOCKS = YES;
				GCC_OPTIMIZATION_LEVEL = 0;
				GCC_PREPROCESSOR_DEFINITIONS = (
					"DEBUG=1",
					"$(inherited)",
				);
				GCC_WARN_64_TO_32_BIT_CONVERSION = YES;
				GCC_WARN_ABOUT_RETURN_TYPE = YES_ERROR;
				GCC_WARN_UNDECLARED_SELECTOR = YES;
				GCC_WARN_UNINITIALIZED_AUTOS = YES_AGGRESSIVE;
				GCC_WARN_UNUSED_FUNCTION = YES;
				GCC_WARN_UNUSED_VARIABLE = YES;
				IPHONEOS_DEPLOYMENT_TARGET = 10.3;
				MTL_ENABLE_DEBUG_INFO = YES;
				ONLY_ACTIVE_ARCH = YES;
				SDKROOT = iphoneos;
				SWIFT_ACTIVE_COMPILATION_CONDITIONS = DEBUG;
				SWIFT_OPTIMIZATION_LEVEL = "-Onone";
				TARGETED_DEVICE_FAMILY = "1,2";
			};
			name = Debug;
		};
		9F13459E1ED76B7B0010CF1B /* Release */ = {
			isa = XCBuildConfiguration;
			buildSettings = {
				ALWAYS_SEARCH_USER_PATHS = NO;
				CLANG_ANALYZER_NONNULL = YES;
				CLANG_ANALYZER_NUMBER_OBJECT_CONVERSION = YES_AGGRESSIVE;
				CLANG_CXX_LANGUAGE_STANDARD = "gnu++0x";
				CLANG_CXX_LIBRARY = "libc++";
				CLANG_ENABLE_MODULES = YES;
				CLANG_ENABLE_OBJC_ARC = YES;
				CLANG_WARN_BOOL_CONVERSION = YES;
				CLANG_WARN_CONSTANT_CONVERSION = YES;
				CLANG_WARN_DIRECT_OBJC_ISA_USAGE = YES_ERROR;
				CLANG_WARN_DOCUMENTATION_COMMENTS = YES;
				CLANG_WARN_EMPTY_BODY = YES;
				CLANG_WARN_ENUM_CONVERSION = YES;
				CLANG_WARN_INFINITE_RECURSION = YES;
				CLANG_WARN_INT_CONVERSION = YES;
				CLANG_WARN_OBJC_ROOT_CLASS = YES_ERROR;
				CLANG_WARN_SUSPICIOUS_MOVE = YES;
				CLANG_WARN_UNREACHABLE_CODE = YES;
				CLANG_WARN__DUPLICATE_METHOD_MATCH = YES;
				"CODE_SIGN_IDENTITY[sdk=iphoneos*]" = "iPhone Developer";
				COPY_PHASE_STRIP = NO;
				DEBUG_INFORMATION_FORMAT = "dwarf-with-dsym";
				ENABLE_NS_ASSERTIONS = NO;
				ENABLE_STRICT_OBJC_MSGSEND = YES;
				GCC_C_LANGUAGE_STANDARD = gnu99;
				GCC_NO_COMMON_BLOCKS = YES;
				GCC_WARN_64_TO_32_BIT_CONVERSION = YES;
				GCC_WARN_ABOUT_RETURN_TYPE = YES_ERROR;
				GCC_WARN_UNDECLARED_SELECTOR = YES;
				GCC_WARN_UNINITIALIZED_AUTOS = YES_AGGRESSIVE;
				GCC_WARN_UNUSED_FUNCTION = YES;
				GCC_WARN_UNUSED_VARIABLE = YES;
				IPHONEOS_DEPLOYMENT_TARGET = 10.3;
				MTL_ENABLE_DEBUG_INFO = NO;
				SDKROOT = iphoneos;
				SWIFT_OPTIMIZATION_LEVEL = "-Owholemodule";
				TARGETED_DEVICE_FAMILY = "1,2";
				VALIDATE_PRODUCT = YES;
			};
			name = Release;
		};
		9F1345A01ED76B7B0010CF1B /* Debug */ = {
			isa = XCBuildConfiguration;
			buildSettings = {
				ASSETCATALOG_COMPILER_APPICON_NAME = AppIcon;
				INFOPLIST_FILE = "MemeMe 2.0/Info.plist";
				LD_RUNPATH_SEARCH_PATHS = "$(inherited) @executable_path/Frameworks";
				PRODUCT_BUNDLE_IDENTIFIER = "com.gjd.MemeMe-2-0";
				PRODUCT_NAME = "$(TARGET_NAME)";
				SWIFT_VERSION = 3.0;
			};
			name = Debug;
		};
		9F1345A11ED76B7B0010CF1B /* Release */ = {
			isa = XCBuildConfiguration;
			buildSettings = {
				ASSETCATALOG_COMPILER_APPICON_NAME = AppIcon;
				INFOPLIST_FILE = "MemeMe 2.0/Info.plist";
				LD_RUNPATH_SEARCH_PATHS = "$(inherited) @executable_path/Frameworks";
				PRODUCT_BUNDLE_IDENTIFIER = "com.gjd.MemeMe-2-0";
				PRODUCT_NAME = "$(TARGET_NAME)";
				SWIFT_VERSION = 3.0;
			};
			name = Release;
		};
/* End XCBuildConfiguration section */

/* Begin XCConfigurationList section */
		9F1345881ED76B7B0010CF1B /* Build configuration list for PBXProject "MemeMe 2.0" */ = {
			isa = XCConfigurationList;
			buildConfigurations = (
				9F13459D1ED76B7B0010CF1B /* Debug */,
				9F13459E1ED76B7B0010CF1B /* Release */,
			);
			defaultConfigurationIsVisible = 0;
			defaultConfigurationName = Release;
		};
		9F13459F1ED76B7B0010CF1B /* Build configuration list for PBXNativeTarget "MemeMe 2.0" */ = {
			isa = XCConfigurationList;
			buildConfigurations = (
				9F1345A01ED76B7B0010CF1B /* Debug */,
				9F1345A11ED76B7B0010CF1B /* Release */,
			);
			defaultConfigurationIsVisible = 0;
			defaultConfigurationName = Release;
		};
/* End XCConfigurationList section */
	};
	rootObject = 9F1345851ED76B7B0010CF1B /* Project object */;
}
